// !$*UTF8*$!
{
	archiveVersion = 1;
	classes = {
	};
	objectVersion = 46;
	objects = {

/* Begin PBXBuildFile section */
		84AFBFBE1B696C61006CEF0A /* SocketAckManager.swift in Sources */ = {isa = PBXBuildFile; fileRef = 84AFBFB11B696C61006CEF0A /* SocketAckManager.swift */; };
		84AFBFBF1B696C61006CEF0A /* SocketAnyEvent.swift in Sources */ = {isa = PBXBuildFile; fileRef = 84AFBFB21B696C61006CEF0A /* SocketAnyEvent.swift */; };
		84AFBFC01B696C61006CEF0A /* SocketEngine.swift in Sources */ = {isa = PBXBuildFile; fileRef = 84AFBFB31B696C61006CEF0A /* SocketEngine.swift */; };
		84AFBFC11B696C61006CEF0A /* SocketEngineClient.swift in Sources */ = {isa = PBXBuildFile; fileRef = 84AFBFB41B696C61006CEF0A /* SocketEngineClient.swift */; };
		84AFBFC21B696C61006CEF0A /* SocketEventHandler.swift in Sources */ = {isa = PBXBuildFile; fileRef = 84AFBFB51B696C61006CEF0A /* SocketEventHandler.swift */; };
		84AFBFC31B696C61006CEF0A /* SocketFixUTF8.swift in Sources */ = {isa = PBXBuildFile; fileRef = 84AFBFB61B696C61006CEF0A /* SocketFixUTF8.swift */; };
		84AFBFC41B696C61006CEF0A /* SocketIOClient.swift in Sources */ = {isa = PBXBuildFile; fileRef = 84AFBFB71B696C61006CEF0A /* SocketIOClient.swift */; };
		84AFBFC51B696C61006CEF0A /* SocketLogger.swift in Sources */ = {isa = PBXBuildFile; fileRef = 84AFBFB81B696C61006CEF0A /* SocketLogger.swift */; };
		84AFBFC61B696C61006CEF0A /* SocketPacket.swift in Sources */ = {isa = PBXBuildFile; fileRef = 84AFBFB91B696C61006CEF0A /* SocketPacket.swift */; };
		84AFBFC71B696C61006CEF0A /* SocketParser.swift in Sources */ = {isa = PBXBuildFile; fileRef = 84AFBFBA1B696C61006CEF0A /* SocketParser.swift */; };
		84AFBFC81B696C61006CEF0A /* SocketTypes.swift in Sources */ = {isa = PBXBuildFile; fileRef = 84AFBFBB1B696C61006CEF0A /* SocketTypes.swift */; };
		84AFBFC91B696C61006CEF0A /* SwiftRegex.swift in Sources */ = {isa = PBXBuildFile; fileRef = 84AFBFBC1B696C61006CEF0A /* SwiftRegex.swift */; };
		84AFBFCA1B696C61006CEF0A /* WebSocket.swift in Sources */ = {isa = PBXBuildFile; fileRef = 84AFBFBD1B696C61006CEF0A /* WebSocket.swift */; };
		CC27EB8F1B68625B00C005B9 /* SaintPaulViewController.swift in Sources */ = {isa = PBXBuildFile; fileRef = CC27EB8E1B68625B00C005B9 /* SaintPaulViewController.swift */; };
		CC27EB911B68639A00C005B9 /* CircuitBoardViewController.swift in Sources */ = {isa = PBXBuildFile; fileRef = CC27EB901B68639A00C005B9 /* CircuitBoardViewController.swift */; };
		CC2E32A21B68375700E8BF5F /* AppDelegate.swift in Sources */ = {isa = PBXBuildFile; fileRef = CC2E32A11B68375700E8BF5F /* AppDelegate.swift */; };
		CC2E32A41B68375700E8BF5F /* HomeViewController.swift in Sources */ = {isa = PBXBuildFile; fileRef = CC2E32A31B68375700E8BF5F /* HomeViewController.swift */; };
		CC2E32A71B68375700E8BF5F /* Main.storyboard in Resources */ = {isa = PBXBuildFile; fileRef = CC2E32A51B68375700E8BF5F /* Main.storyboard */; };
		CC2E32A91B68375700E8BF5F /* Assets.xcassets in Resources */ = {isa = PBXBuildFile; fileRef = CC2E32A81B68375700E8BF5F /* Assets.xcassets */; };
		CC2E32AC1B68375700E8BF5F /* LaunchScreen.storyboard in Resources */ = {isa = PBXBuildFile; fileRef = CC2E32AA1B68375700E8BF5F /* LaunchScreen.storyboard */; };
		CC2E32B71B68375700E8BF5F /* photohuntTests.swift in Sources */ = {isa = PBXBuildFile; fileRef = CC2E32B61B68375700E8BF5F /* photohuntTests.swift */; };
		CC2E32C21B68375700E8BF5F /* photohuntUITests.swift in Sources */ = {isa = PBXBuildFile; fileRef = CC2E32C11B68375700E8BF5F /* photohuntUITests.swift */; };
		CC2E32D01B6844DE00E8BF5F /* FivePeopleViewController.swift in Sources */ = {isa = PBXBuildFile; fileRef = CC2E32CF1B6844DE00E8BF5F /* FivePeopleViewController.swift */; };
/* End PBXBuildFile section */

/* Begin PBXContainerItemProxy section */
		CC2E32B31B68375700E8BF5F /* PBXContainerItemProxy */ = {
			isa = PBXContainerItemProxy;
			containerPortal = CC2E32961B68375700E8BF5F /* Project object */;
			proxyType = 1;
			remoteGlobalIDString = CC2E329D1B68375700E8BF5F;
			remoteInfo = photohunt;
		};
		CC2E32BE1B68375700E8BF5F /* PBXContainerItemProxy */ = {
			isa = PBXContainerItemProxy;
			containerPortal = CC2E32961B68375700E8BF5F /* Project object */;
			proxyType = 1;
			remoteGlobalIDString = CC2E329D1B68375700E8BF5F;
			remoteInfo = photohunt;
		};
/* End PBXContainerItemProxy section */

/* Begin PBXFileReference section */
		84AFBFB11B696C61006CEF0A /* SocketAckManager.swift */ = {isa = PBXFileReference; fileEncoding = 4; lastKnownFileType = sourcecode.swift; name = SocketAckManager.swift; path = nodePhotohunt_battle/SocketIOClientSwift/SocketAckManager.swift; sourceTree = "<group>"; };
		84AFBFB21B696C61006CEF0A /* SocketAnyEvent.swift */ = {isa = PBXFileReference; fileEncoding = 4; lastKnownFileType = sourcecode.swift; name = SocketAnyEvent.swift; path = nodePhotohunt_battle/SocketIOClientSwift/SocketAnyEvent.swift; sourceTree = "<group>"; };
		84AFBFB31B696C61006CEF0A /* SocketEngine.swift */ = {isa = PBXFileReference; fileEncoding = 4; lastKnownFileType = sourcecode.swift; name = SocketEngine.swift; path = nodePhotohunt_battle/SocketIOClientSwift/SocketEngine.swift; sourceTree = "<group>"; };
		84AFBFB41B696C61006CEF0A /* SocketEngineClient.swift */ = {isa = PBXFileReference; fileEncoding = 4; lastKnownFileType = sourcecode.swift; name = SocketEngineClient.swift; path = nodePhotohunt_battle/SocketIOClientSwift/SocketEngineClient.swift; sourceTree = "<group>"; };
		84AFBFB51B696C61006CEF0A /* SocketEventHandler.swift */ = {isa = PBXFileReference; fileEncoding = 4; lastKnownFileType = sourcecode.swift; name = SocketEventHandler.swift; path = nodePhotohunt_battle/SocketIOClientSwift/SocketEventHandler.swift; sourceTree = "<group>"; };
		84AFBFB61B696C61006CEF0A /* SocketFixUTF8.swift */ = {isa = PBXFileReference; fileEncoding = 4; lastKnownFileType = sourcecode.swift; name = SocketFixUTF8.swift; path = nodePhotohunt_battle/SocketIOClientSwift/SocketFixUTF8.swift; sourceTree = "<group>"; };
		84AFBFB71B696C61006CEF0A /* SocketIOClient.swift */ = {isa = PBXFileReference; fileEncoding = 4; lastKnownFileType = sourcecode.swift; name = SocketIOClient.swift; path = nodePhotohunt_battle/SocketIOClientSwift/SocketIOClient.swift; sourceTree = "<group>"; };
		84AFBFB81B696C61006CEF0A /* SocketLogger.swift */ = {isa = PBXFileReference; fileEncoding = 4; lastKnownFileType = sourcecode.swift; name = SocketLogger.swift; path = nodePhotohunt_battle/SocketIOClientSwift/SocketLogger.swift; sourceTree = "<group>"; };
		84AFBFB91B696C61006CEF0A /* SocketPacket.swift */ = {isa = PBXFileReference; fileEncoding = 4; lastKnownFileType = sourcecode.swift; name = SocketPacket.swift; path = nodePhotohunt_battle/SocketIOClientSwift/SocketPacket.swift; sourceTree = "<group>"; };
		84AFBFBA1B696C61006CEF0A /* SocketParser.swift */ = {isa = PBXFileReference; fileEncoding = 4; lastKnownFileType = sourcecode.swift; name = SocketParser.swift; path = nodePhotohunt_battle/SocketIOClientSwift/SocketParser.swift; sourceTree = "<group>"; };
		84AFBFBB1B696C61006CEF0A /* SocketTypes.swift */ = {isa = PBXFileReference; fileEncoding = 4; lastKnownFileType = sourcecode.swift; name = SocketTypes.swift; path = nodePhotohunt_battle/SocketIOClientSwift/SocketTypes.swift; sourceTree = "<group>"; };
		84AFBFBC1B696C61006CEF0A /* SwiftRegex.swift */ = {isa = PBXFileReference; fileEncoding = 4; lastKnownFileType = sourcecode.swift; name = SwiftRegex.swift; path = nodePhotohunt_battle/SocketIOClientSwift/SwiftRegex.swift; sourceTree = "<group>"; };
		84AFBFBD1B696C61006CEF0A /* WebSocket.swift */ = {isa = PBXFileReference; fileEncoding = 4; lastKnownFileType = sourcecode.swift; name = WebSocket.swift; path = nodePhotohunt_battle/SocketIOClientSwift/WebSocket.swift; sourceTree = "<group>"; };
		CC27EB8E1B68625B00C005B9 /* SaintPaulViewController.swift */ = {isa = PBXFileReference; fileEncoding = 4; lastKnownFileType = sourcecode.swift; path = SaintPaulViewController.swift; sourceTree = "<group>"; };
		CC27EB901B68639A00C005B9 /* CircuitBoardViewController.swift */ = {isa = PBXFileReference; fileEncoding = 4; lastKnownFileType = sourcecode.swift; path = CircuitBoardViewController.swift; sourceTree = "<group>"; };
		CC2E329E1B68375700E8BF5F /* photohunt.app */ = {isa = PBXFileReference; explicitFileType = wrapper.application; includeInIndex = 0; path = photohunt.app; sourceTree = BUILT_PRODUCTS_DIR; };
		CC2E32A11B68375700E8BF5F /* AppDelegate.swift */ = {isa = PBXFileReference; lastKnownFileType = sourcecode.swift; path = AppDelegate.swift; sourceTree = "<group>"; };
		CC2E32A31B68375700E8BF5F /* HomeViewController.swift */ = {isa = PBXFileReference; lastKnownFileType = sourcecode.swift; path = HomeViewController.swift; sourceTree = "<group>"; };
		CC2E32A61B68375700E8BF5F /* Base */ = {isa = PBXFileReference; lastKnownFileType = file.storyboard; name = Base; path = Base.lproj/Main.storyboard; sourceTree = "<group>"; };
		CC2E32A81B68375700E8BF5F /* Assets.xcassets */ = {isa = PBXFileReference; lastKnownFileType = folder.assetcatalog; path = Assets.xcassets; sourceTree = "<group>"; };
		CC2E32AB1B68375700E8BF5F /* Base */ = {isa = PBXFileReference; lastKnownFileType = file.storyboard; name = Base; path = Base.lproj/LaunchScreen.storyboard; sourceTree = "<group>"; };
		CC2E32AD1B68375700E8BF5F /* Info.plist */ = {isa = PBXFileReference; lastKnownFileType = text.plist.xml; path = Info.plist; sourceTree = "<group>"; };
		CC2E32B21B68375700E8BF5F /* photohuntTests.xctest */ = {isa = PBXFileReference; explicitFileType = wrapper.cfbundle; includeInIndex = 0; path = photohuntTests.xctest; sourceTree = BUILT_PRODUCTS_DIR; };
		CC2E32B61B68375700E8BF5F /* photohuntTests.swift */ = {isa = PBXFileReference; lastKnownFileType = sourcecode.swift; path = photohuntTests.swift; sourceTree = "<group>"; };
		CC2E32B81B68375700E8BF5F /* Info.plist */ = {isa = PBXFileReference; lastKnownFileType = text.plist.xml; path = Info.plist; sourceTree = "<group>"; };
		CC2E32BD1B68375700E8BF5F /* photohuntUITests.xctest */ = {isa = PBXFileReference; explicitFileType = wrapper.cfbundle; includeInIndex = 0; path = photohuntUITests.xctest; sourceTree = BUILT_PRODUCTS_DIR; };
		CC2E32C11B68375700E8BF5F /* photohuntUITests.swift */ = {isa = PBXFileReference; lastKnownFileType = sourcecode.swift; path = photohuntUITests.swift; sourceTree = "<group>"; };
		CC2E32C31B68375700E8BF5F /* Info.plist */ = {isa = PBXFileReference; lastKnownFileType = text.plist.xml; path = Info.plist; sourceTree = "<group>"; };
		CC2E32CF1B6844DE00E8BF5F /* FivePeopleViewController.swift */ = {isa = PBXFileReference; fileEncoding = 4; lastKnownFileType = sourcecode.swift; path = FivePeopleViewController.swift; sourceTree = "<group>"; };
/* End PBXFileReference section */

/* Begin PBXFrameworksBuildPhase section */
		CC2E329B1B68375700E8BF5F /* Frameworks */ = {
			isa = PBXFrameworksBuildPhase;
			buildActionMask = 2147483647;
			files = (
			);
			runOnlyForDeploymentPostprocessing = 0;
		};
		CC2E32AF1B68375700E8BF5F /* Frameworks */ = {
			isa = PBXFrameworksBuildPhase;
			buildActionMask = 2147483647;
			files = (
			);
			runOnlyForDeploymentPostprocessing = 0;
		};
		CC2E32BA1B68375700E8BF5F /* Frameworks */ = {
			isa = PBXFrameworksBuildPhase;
			buildActionMask = 2147483647;
			files = (
			);
			runOnlyForDeploymentPostprocessing = 0;
		};
/* End PBXFrameworksBuildPhase section */

/* Begin PBXGroup section */
		84AFBFB01B69655F006CEF0A /* SocketIO */ = {
			isa = PBXGroup;
			children = (
				84AFBFB11B696C61006CEF0A /* SocketAckManager.swift */,
				84AFBFB21B696C61006CEF0A /* SocketAnyEvent.swift */,
				84AFBFB31B696C61006CEF0A /* SocketEngine.swift */,
				84AFBFB41B696C61006CEF0A /* SocketEngineClient.swift */,
				84AFBFB51B696C61006CEF0A /* SocketEventHandler.swift */,
				84AFBFB61B696C61006CEF0A /* SocketFixUTF8.swift */,
				84AFBFB71B696C61006CEF0A /* SocketIOClient.swift */,
				84AFBFB81B696C61006CEF0A /* SocketLogger.swift */,
				84AFBFB91B696C61006CEF0A /* SocketPacket.swift */,
				84AFBFBA1B696C61006CEF0A /* SocketParser.swift */,
				84AFBFBB1B696C61006CEF0A /* SocketTypes.swift */,
				84AFBFBC1B696C61006CEF0A /* SwiftRegex.swift */,
				84AFBFBD1B696C61006CEF0A /* WebSocket.swift */,
			);
			name = SocketIO;
			sourceTree = "<group>";
		};
		CC2E32951B68375700E8BF5F = {
			isa = PBXGroup;
			children = (
				84AFBFB01B69655F006CEF0A /* SocketIO */,
				CC2E32A01B68375700E8BF5F /* photohunt */,
				CC2E32B51B68375700E8BF5F /* photohuntTests */,
				CC2E32C01B68375700E8BF5F /* photohuntUITests */,
				CC2E329F1B68375700E8BF5F /* Products */,
			);
			sourceTree = "<group>";
		};
		CC2E329F1B68375700E8BF5F /* Products */ = {
			isa = PBXGroup;
			children = (
				CC2E329E1B68375700E8BF5F /* photohunt.app */,
				CC2E32B21B68375700E8BF5F /* photohuntTests.xctest */,
				CC2E32BD1B68375700E8BF5F /* photohuntUITests.xctest */,
			);
			name = Products;
			sourceTree = "<group>";
		};
		CC2E32A01B68375700E8BF5F /* photohunt */ = {
			isa = PBXGroup;
			children = (
				CC2E32A11B68375700E8BF5F /* AppDelegate.swift */,
				CC2E32A31B68375700E8BF5F /* HomeViewController.swift */,
				CC2E32A51B68375700E8BF5F /* Main.storyboard */,
				CC27EB8E1B68625B00C005B9 /* SaintPaulViewController.swift */,
				CC2E32A81B68375700E8BF5F /* Assets.xcassets */,
				CC2E32CF1B6844DE00E8BF5F /* FivePeopleViewController.swift */,
				CC27EB901B68639A00C005B9 /* CircuitBoardViewController.swift */,
				CC2E32AA1B68375700E8BF5F /* LaunchScreen.storyboard */,
				CC2E32AD1B68375700E8BF5F /* Info.plist */,
			);
			path = photohunt;
			sourceTree = "<group>";
		};
		CC2E32B51B68375700E8BF5F /* photohuntTests */ = {
			isa = PBXGroup;
			children = (
				CC2E32B61B68375700E8BF5F /* photohuntTests.swift */,
				CC2E32B81B68375700E8BF5F /* Info.plist */,
			);
			path = photohuntTests;
			sourceTree = "<group>";
		};
		CC2E32C01B68375700E8BF5F /* photohuntUITests */ = {
			isa = PBXGroup;
			children = (
				CC2E32C11B68375700E8BF5F /* photohuntUITests.swift */,
				CC2E32C31B68375700E8BF5F /* Info.plist */,
			);
			path = photohuntUITests;
			sourceTree = "<group>";
		};
/* End PBXGroup section */

/* Begin PBXNativeTarget section */
		CC2E329D1B68375700E8BF5F /* photohunt */ = {
			isa = PBXNativeTarget;
			buildConfigurationList = CC2E32C61B68375700E8BF5F /* Build configuration list for PBXNativeTarget "photohunt" */;
			buildPhases = (
				CC2E329A1B68375700E8BF5F /* Sources */,
				CC2E329B1B68375700E8BF5F /* Frameworks */,
				CC2E329C1B68375700E8BF5F /* Resources */,
			);
			buildRules = (
			);
			dependencies = (
			);
			name = photohunt;
			productName = photohunt;
			productReference = CC2E329E1B68375700E8BF5F /* photohunt.app */;
			productType = "com.apple.product-type.application";
		};
		CC2E32B11B68375700E8BF5F /* photohuntTests */ = {
			isa = PBXNativeTarget;
			buildConfigurationList = CC2E32C91B68375700E8BF5F /* Build configuration list for PBXNativeTarget "photohuntTests" */;
			buildPhases = (
				CC2E32AE1B68375700E8BF5F /* Sources */,
				CC2E32AF1B68375700E8BF5F /* Frameworks */,
				CC2E32B01B68375700E8BF5F /* Resources */,
			);
			buildRules = (
			);
			dependencies = (
				CC2E32B41B68375700E8BF5F /* PBXTargetDependency */,
			);
			name = photohuntTests;
			productName = photohuntTests;
			productReference = CC2E32B21B68375700E8BF5F /* photohuntTests.xctest */;
			productType = "com.apple.product-type.bundle.unit-test";
		};
		CC2E32BC1B68375700E8BF5F /* photohuntUITests */ = {
			isa = PBXNativeTarget;
			buildConfigurationList = CC2E32CC1B68375700E8BF5F /* Build configuration list for PBXNativeTarget "photohuntUITests" */;
			buildPhases = (
				CC2E32B91B68375700E8BF5F /* Sources */,
				CC2E32BA1B68375700E8BF5F /* Frameworks */,
				CC2E32BB1B68375700E8BF5F /* Resources */,
			);
			buildRules = (
			);
			dependencies = (
				CC2E32BF1B68375700E8BF5F /* PBXTargetDependency */,
			);
			name = photohuntUITests;
			productName = photohuntUITests;
			productReference = CC2E32BD1B68375700E8BF5F /* photohuntUITests.xctest */;
			productType = "com.apple.product-type.bundle.ui-testing";
		};
/* End PBXNativeTarget section */

/* Begin PBXProject section */
		CC2E32961B68375700E8BF5F /* Project object */ = {
			isa = PBXProject;
			attributes = {
				LastUpgradeCheck = 0700;
				ORGANIZATIONNAME = "Michael Tran";
				TargetAttributes = {
					CC2E329D1B68375700E8BF5F = {
						CreatedOnToolsVersion = 7.0;
						DevelopmentTeam = 36W3N6T6T4;
					};
					CC2E32B11B68375700E8BF5F = {
						CreatedOnToolsVersion = 7.0;
						TestTargetID = CC2E329D1B68375700E8BF5F;
					};
					CC2E32BC1B68375700E8BF5F = {
						CreatedOnToolsVersion = 7.0;
						TestTargetID = CC2E329D1B68375700E8BF5F;
					};
				};
			};
			buildConfigurationList = CC2E32991B68375700E8BF5F /* Build configuration list for PBXProject "photohunt" */;
			compatibilityVersion = "Xcode 3.2";
			developmentRegion = English;
			hasScannedForEncodings = 0;
			knownRegions = (
				en,
				Base,
			);
			mainGroup = CC2E32951B68375700E8BF5F;
			productRefGroup = CC2E329F1B68375700E8BF5F /* Products */;
			projectDirPath = "";
			projectRoot = "";
			targets = (
				CC2E329D1B68375700E8BF5F /* photohunt */,
				CC2E32B11B68375700E8BF5F /* photohuntTests */,
				CC2E32BC1B68375700E8BF5F /* photohuntUITests */,
			);
		};
/* End PBXProject section */

/* Begin PBXResourcesBuildPhase section */
		CC2E329C1B68375700E8BF5F /* Resources */ = {
			isa = PBXResourcesBuildPhase;
			buildActionMask = 2147483647;
			files = (
				CC2E32AC1B68375700E8BF5F /* LaunchScreen.storyboard in Resources */,
				CC2E32A91B68375700E8BF5F /* Assets.xcassets in Resources */,
				CC2E32A71B68375700E8BF5F /* Main.storyboard in Resources */,
			);
			runOnlyForDeploymentPostprocessing = 0;
		};
		CC2E32B01B68375700E8BF5F /* Resources */ = {
			isa = PBXResourcesBuildPhase;
			buildActionMask = 2147483647;
			files = (
			);
			runOnlyForDeploymentPostprocessing = 0;
		};
		CC2E32BB1B68375700E8BF5F /* Resources */ = {
			isa = PBXResourcesBuildPhase;
			buildActionMask = 2147483647;
			files = (
			);
			runOnlyForDeploymentPostprocessing = 0;
		};
/* End PBXResourcesBuildPhase section */

/* Begin PBXSourcesBuildPhase section */
		CC2E329A1B68375700E8BF5F /* Sources */ = {
			isa = PBXSourcesBuildPhase;
			buildActionMask = 2147483647;
			files = (
				84AFBFBE1B696C61006CEF0A /* SocketAckManager.swift in Sources */,
				CC27EB8F1B68625B00C005B9 /* SaintPaulViewController.swift in Sources */,
				84AFBFC31B696C61006CEF0A /* SocketFixUTF8.swift in Sources */,
				84AFBFC41B696C61006CEF0A /* SocketIOClient.swift in Sources */,
				84AFBFC21B696C61006CEF0A /* SocketEventHandler.swift in Sources */,
				CC2E32A41B68375700E8BF5F /* HomeViewController.swift in Sources */,
				84AFBFC51B696C61006CEF0A /* SocketLogger.swift in Sources */,
				84AFBFCA1B696C61006CEF0A /* WebSocket.swift in Sources */,
				84AFBFBF1B696C61006CEF0A /* SocketAnyEvent.swift in Sources */,
				84AFBFC11B696C61006CEF0A /* SocketEngineClient.swift in Sources */,
				84AFBFC01B696C61006CEF0A /* SocketEngine.swift in Sources */,
				84AFBFC81B696C61006CEF0A /* SocketTypes.swift in Sources */,
				84AFBFC61B696C61006CEF0A /* SocketPacket.swift in Sources */,
				84AFBFC71B696C61006CEF0A /* SocketParser.swift in Sources */,
				CC2E32A21B68375700E8BF5F /* AppDelegate.swift in Sources */,
				84AFBFC91B696C61006CEF0A /* SwiftRegex.swift in Sources */,
				CC27EB911B68639A00C005B9 /* CircuitBoardViewController.swift in Sources */,
				CC2E32D01B6844DE00E8BF5F /* FivePeopleViewController.swift in Sources */,
			);
			runOnlyForDeploymentPostprocessing = 0;
		};
		CC2E32AE1B68375700E8BF5F /* Sources */ = {
			isa = PBXSourcesBuildPhase;
			buildActionMask = 2147483647;
			files = (
				CC2E32B71B68375700E8BF5F /* photohuntTests.swift in Sources */,
			);
			runOnlyForDeploymentPostprocessing = 0;
		};
		CC2E32B91B68375700E8BF5F /* Sources */ = {
			isa = PBXSourcesBuildPhase;
			buildActionMask = 2147483647;
			files = (
				CC2E32C21B68375700E8BF5F /* photohuntUITests.swift in Sources */,
			);
			runOnlyForDeploymentPostprocessing = 0;
		};
/* End PBXSourcesBuildPhase section */

/* Begin PBXTargetDependency section */
		CC2E32B41B68375700E8BF5F /* PBXTargetDependency */ = {
			isa = PBXTargetDependency;
			target = CC2E329D1B68375700E8BF5F /* photohunt */;
			targetProxy = CC2E32B31B68375700E8BF5F /* PBXContainerItemProxy */;
		};
		CC2E32BF1B68375700E8BF5F /* PBXTargetDependency */ = {
			isa = PBXTargetDependency;
			target = CC2E329D1B68375700E8BF5F /* photohunt */;
			targetProxy = CC2E32BE1B68375700E8BF5F /* PBXContainerItemProxy */;
		};
/* End PBXTargetDependency section */

/* Begin PBXVariantGroup section */
		CC2E32A51B68375700E8BF5F /* Main.storyboard */ = {
			isa = PBXVariantGroup;
			children = (
				CC2E32A61B68375700E8BF5F /* Base */,
			);
			name = Main.storyboard;
			sourceTree = "<group>";
		};
		CC2E32AA1B68375700E8BF5F /* LaunchScreen.storyboard */ = {
			isa = PBXVariantGroup;
			children = (
				CC2E32AB1B68375700E8BF5F /* Base */,
			);
			name = LaunchScreen.storyboard;
			sourceTree = "<group>";
		};
/* End PBXVariantGroup section */

/* Begin XCBuildConfiguration section */
		CC2E32C41B68375700E8BF5F /* Debug */ = {
			isa = XCBuildConfiguration;
			buildSettings = {
				ALWAYS_SEARCH_USER_PATHS = NO;
				CLANG_CXX_LANGUAGE_STANDARD = "gnu++0x";
				CLANG_CXX_LIBRARY = "libc++";
				CLANG_ENABLE_MODULES = YES;
				CLANG_ENABLE_OBJC_ARC = YES;
				CLANG_WARN_BOOL_CONVERSION = YES;
				CLANG_WARN_CONSTANT_CONVERSION = YES;
				CLANG_WARN_DIRECT_OBJC_ISA_USAGE = YES_ERROR;
				CLANG_WARN_EMPTY_BODY = YES;
				CLANG_WARN_ENUM_CONVERSION = YES;
				CLANG_WARN_INT_CONVERSION = YES;
				CLANG_WARN_OBJC_ROOT_CLASS = YES_ERROR;
				CLANG_WARN_UNREACHABLE_CODE = YES;
				CLANG_WARN__DUPLICATE_METHOD_MATCH = YES;
				"CODE_SIGN_IDENTITY[sdk=iphoneos*]" = "iPhone Developer";
				COPY_PHASE_STRIP = NO;
				DEBUG_INFORMATION_FORMAT = dwarf;
				ENABLE_STRICT_OBJC_MSGSEND = YES;
				ENABLE_TESTABILITY = YES;
				GCC_C_LANGUAGE_STANDARD = gnu99;
				GCC_DYNAMIC_NO_PIC = NO;
				GCC_NO_COMMON_BLOCKS = YES;
				GCC_OPTIMIZATION_LEVEL = 0;
				GCC_PREPROCESSOR_DEFINITIONS = (
					"DEBUG=1",
					"$(inherited)",
				);
				GCC_WARN_64_TO_32_BIT_CONVERSION = YES;
				GCC_WARN_ABOUT_RETURN_TYPE = YES_ERROR;
				GCC_WARN_UNDECLARED_SELECTOR = YES;
				GCC_WARN_UNINITIALIZED_AUTOS = YES_AGGRESSIVE;
				GCC_WARN_UNUSED_FUNCTION = YES;
				GCC_WARN_UNUSED_VARIABLE = YES;
				IPHONEOS_DEPLOYMENT_TARGET = 9.0;
				MTL_ENABLE_DEBUG_INFO = YES;
				ONLY_ACTIVE_ARCH = YES;
				SDKROOT = iphoneos;
				SWIFT_OPTIMIZATION_LEVEL = "-Onone";
			};
			name = Debug;
		};
		CC2E32C51B68375700E8BF5F /* Release */ = {
			isa = XCBuildConfiguration;
			buildSettings = {
				ALWAYS_SEARCH_USER_PATHS = NO;
				CLANG_CXX_LANGUAGE_STANDARD = "gnu++0x";
				CLANG_CXX_LIBRARY = "libc++";
				CLANG_ENABLE_MODULES = YES;
				CLANG_ENABLE_OBJC_ARC = YES;
				CLANG_WARN_BOOL_CONVERSION = YES;
				CLANG_WARN_CONSTANT_CONVERSION = YES;
				CLANG_WARN_DIRECT_OBJC_ISA_USAGE = YES_ERROR;
				CLANG_WARN_EMPTY_BODY = YES;
				CLANG_WARN_ENUM_CONVERSION = YES;
				CLANG_WARN_INT_CONVERSION = YES;
				CLANG_WARN_OBJC_ROOT_CLASS = YES_ERROR;
				CLANG_WARN_UNREACHABLE_CODE = YES;
				CLANG_WARN__DUPLICATE_METHOD_MATCH = YES;
				"CODE_SIGN_IDENTITY[sdk=iphoneos*]" = "iPhone Developer";
				COPY_PHASE_STRIP = NO;
				DEBUG_INFORMATION_FORMAT = "dwarf-with-dsym";
				ENABLE_NS_ASSERTIONS = NO;
				ENABLE_STRICT_OBJC_MSGSEND = YES;
				GCC_C_LANGUAGE_STANDARD = gnu99;
				GCC_NO_COMMON_BLOCKS = YES;
				GCC_WARN_64_TO_32_BIT_CONVERSION = YES;
				GCC_WARN_ABOUT_RETURN_TYPE = YES_ERROR;
				GCC_WARN_UNDECLARED_SELECTOR = YES;
				GCC_WARN_UNINITIALIZED_AUTOS = YES_AGGRESSIVE;
				GCC_WARN_UNUSED_FUNCTION = YES;
				GCC_WARN_UNUSED_VARIABLE = YES;
				IPHONEOS_DEPLOYMENT_TARGET = 9.0;
				MTL_ENABLE_DEBUG_INFO = NO;
				SDKROOT = iphoneos;
				VALIDATE_PRODUCT = YES;
			};
			name = Release;
		};
		CC2E32C71B68375700E8BF5F /* Debug */ = {
			isa = XCBuildConfiguration;
			buildSettings = {
				ASSETCATALOG_COMPILER_APPICON_NAME = AppIcon;
				CODE_SIGN_IDENTITY = "iPhone Developer";
				"CODE_SIGN_IDENTITY[sdk=iphoneos*]" = "iPhone Developer";
				INFOPLIST_FILE = photohunt/Info.plist;
				LD_RUNPATH_SEARCH_PATHS = "$(inherited) @executable_path/Frameworks";
				PRODUCT_BUNDLE_IDENTIFIER = com.miiketran.photohunt;
				PRODUCT_NAME = "$(TARGET_NAME)";
				PROVISIONING_PROFILE = "";
			};
			name = Debug;
		};
		CC2E32C81B68375700E8BF5F /* Release */ = {
			isa = XCBuildConfiguration;
			buildSettings = {
				ASSETCATALOG_COMPILER_APPICON_NAME = AppIcon;
				CODE_SIGN_IDENTITY = "iPhone Developer";
				"CODE_SIGN_IDENTITY[sdk=iphoneos*]" = "iPhone Developer";
				INFOPLIST_FILE = photohunt/Info.plist;
				LD_RUNPATH_SEARCH_PATHS = "$(inherited) @executable_path/Frameworks";
				PRODUCT_BUNDLE_IDENTIFIER = com.miiketran.photohunt;
				PRODUCT_NAME = "$(TARGET_NAME)";
				PROVISIONING_PROFILE = "";
			};
			name = Release;
		};
		CC2E32CA1B68375700E8BF5F /* Debug */ = {
			isa = XCBuildConfiguration;
			buildSettings = {
				BUNDLE_LOADER = "$(TEST_HOST)";
				INFOPLIST_FILE = photohuntTests/Info.plist;
				LD_RUNPATH_SEARCH_PATHS = "$(inherited) @executable_path/Frameworks @loader_path/Frameworks";
				PRODUCT_BUNDLE_IDENTIFIER = com.miiketran.photohuntTests;
				PRODUCT_NAME = "$(TARGET_NAME)";
				TEST_HOST = "$(BUILT_PRODUCTS_DIR)/photohunt.app/photohunt";
			};
			name = Debug;
		};
		CC2E32CB1B68375700E8BF5F /* Release */ = {
			isa = XCBuildConfiguration;
			buildSettings = {
				BUNDLE_LOADER = "$(TEST_HOST)";
				INFOPLIST_FILE = photohuntTests/Info.plist;
				LD_RUNPATH_SEARCH_PATHS = "$(inherited) @executable_path/Frameworks @loader_path/Frameworks";
				PRODUCT_BUNDLE_IDENTIFIER = com.miiketran.photohuntTests;
				PRODUCT_NAME = "$(TARGET_NAME)";
				TEST_HOST = "$(BUILT_PRODUCTS_DIR)/photohunt.app/photohunt";
			};
			name = Release;
		};
		CC2E32CD1B68375700E8BF5F /* Debug */ = {
			isa = XCBuildConfiguration;
			buildSettings = {
				INFOPLIST_FILE = photohuntUITests/Info.plist;
				LD_RUNPATH_SEARCH_PATHS = "$(inherited) @executable_path/Frameworks @loader_path/Frameworks";
				PRODUCT_BUNDLE_IDENTIFIER = com.miiketran.photohuntUITests;
				PRODUCT_NAME = "$(TARGET_NAME)";
				TEST_TARGET_NAME = photohunt;
				USES_XCTRUNNER = YES;
			};
			name = Debug;
		};
		CC2E32CE1B68375700E8BF5F /* Release */ = {
			isa = XCBuildConfiguration;
			buildSettings = {
				INFOPLIST_FILE = photohuntUITests/Info.plist;
				LD_RUNPATH_SEARCH_PATHS = "$(inherited) @executable_path/Frameworks @loader_path/Frameworks";
				PRODUCT_BUNDLE_IDENTIFIER = com.miiketran.photohuntUITests;
				PRODUCT_NAME = "$(TARGET_NAME)";
				TEST_TARGET_NAME = photohunt;
				USES_XCTRUNNER = YES;
			};
			name = Release;
		};
/* End XCBuildConfiguration section */

/* Begin XCConfigurationList section */
		CC2E32991B68375700E8BF5F /* Build configuration list for PBXProject "photohunt" */ = {
			isa = XCConfigurationList;
			buildConfigurations = (
				CC2E32C41B68375700E8BF5F /* Debug */,
				CC2E32C51B68375700E8BF5F /* Release */,
			);
			defaultConfigurationIsVisible = 0;
			defaultConfigurationName = Release;
		};
		CC2E32C61B68375700E8BF5F /* Build configuration list for PBXNativeTarget "photohunt" */ = {
			isa = XCConfigurationList;
			buildConfigurations = (
				CC2E32C71B68375700E8BF5F /* Debug */,
				CC2E32C81B68375700E8BF5F /* Release */,
			);
			defaultConfigurationIsVisible = 0;
			defaultConfigurationName = Release;
		};
		CC2E32C91B68375700E8BF5F /* Build configuration list for PBXNativeTarget "photohuntTests" */ = {
			isa = XCConfigurationList;
			buildConfigurations = (
				CC2E32CA1B68375700E8BF5F /* Debug */,
				CC2E32CB1B68375700E8BF5F /* Release */,
			);
			defaultConfigurationIsVisible = 0;
			defaultConfigurationName = Release;
		};
		CC2E32CC1B68375700E8BF5F /* Build configuration list for PBXNativeTarget "photohuntUITests" */ = {
			isa = XCConfigurationList;
			buildConfigurations = (
				CC2E32CD1B68375700E8BF5F /* Debug */,
				CC2E32CE1B68375700E8BF5F /* Release */,
			);
			defaultConfigurationIsVisible = 0;
			defaultConfigurationName = Release;
		};
/* End XCConfigurationList section */
	};
	rootObject = CC2E32961B68375700E8BF5F /* Project object */;
}
